Microsoft Visual Studio Solution File, Format Version 12.00
# Visual Studio Version 16
VisualStudioVersion = 16.0.29025.244
MinimumVisualStudioVersion = 10.0.40219.1
Project("{2150E333-8FDC-42A3-9474-1A3956D46DE8}") = "src", "src", "{B0B615F4-0930-4729-AA38-AAD389E13B4A}"
EndProject
Project("{9A19103F-16F7-4668-BE54-9A1E7A4F7556}") = "ProphetSquad.Core", "src\ProphetSquad.Core\ProphetSquad.Core.csproj", "{A4AC9289-A983-4C9A-8FB1-D27172841A2A}"
EndProject
Project("{2150E333-8FDC-42A3-9474-1A3956D46DE8}") = "test", "test", "{9BFF9EB9-921B-45A6-B99D-CA9711E86BE3}"
EndProject
Project("{9A19103F-16F7-4668-BE54-9A1E7A4F7556}") = "ProphetSquad.Core.Tests", "test\ProphetSquad.Core.Tests\ProphetSquad.Core.Tests.csproj", "{559BE85A-58BA-4F28-A6B6-7111FB85330A}"
EndProject
Project("{9A19103F-16F7-4668-BE54-9A1E7A4F7556}") = "ProphetSquad.Matcher.Tests", "test\ProphetSquad.Matcher.Tests\ProphetSquad.Matcher.Tests.csproj", "{36AC92DE-DC7D-40CD-A7D1-0C7BD94AEDCC}"
EndProject
Project("{9A19103F-16F7-4668-BE54-9A1E7A4F7556}") = "ProphetSquad.Core.Importer", "src\ProphetSquad.Core.Importer\ProphetSquad.Core.Importer.csproj", "{2FE0EF03-444F-472C-898D-25A74989FE77}"
EndProject
Global
	GlobalSection(SolutionConfigurationPlatforms) = preSolution
		Debug|Any CPU = Debug|Any CPU
		Debug|x64 = Debug|x64
		Debug|x86 = Debug|x86
		Release|Any CPU = Release|Any CPU
		Release|x64 = Release|x64
		Release|x86 = Release|x86
	EndGlobalSection
	GlobalSection(ProjectConfigurationPlatforms) = postSolution
		{A4AC9289-A983-4C9A-8FB1-D27172841A2A}.Debug|Any CPU.ActiveCfg = Debug|Any CPU
		{A4AC9289-A983-4C9A-8FB1-D27172841A2A}.Debug|Any CPU.Build.0 = Debug|Any CPU
		{A4AC9289-A983-4C9A-8FB1-D27172841A2A}.Debug|x64.ActiveCfg = Debug|Any CPU
		{A4AC9289-A983-4C9A-8FB1-D27172841A2A}.Debug|x64.Build.0 = Debug|Any CPU
		{A4AC9289-A983-4C9A-8FB1-D27172841A2A}.Debug|x86.ActiveCfg = Debug|Any CPU
		{A4AC9289-A983-4C9A-8FB1-D27172841A2A}.Debug|x86.Build.0 = Debug|Any CPU
		{A4AC9289-A983-4C9A-8FB1-D27172841A2A}.Release|Any CPU.ActiveCfg = Release|Any CPU
		{A4AC9289-A983-4C9A-8FB1-D27172841A2A}.Release|Any CPU.Build.0 = Release|Any CPU
		{A4AC9289-A983-4C9A-8FB1-D27172841A2A}.Release|x64.ActiveCfg = Release|Any CPU
		{A4AC9289-A983-4C9A-8FB1-D27172841A2A}.Release|x64.Build.0 = Release|Any CPU
		{A4AC9289-A983-4C9A-8FB1-D27172841A2A}.Release|x86.ActiveCfg = Release|Any CPU
		{A4AC9289-A983-4C9A-8FB1-D27172841A2A}.Release|x86.Build.0 = Release|Any CPU
		{559BE85A-58BA-4F28-A6B6-7111FB85330A}.Debug|Any CPU.ActiveCfg = Debug|Any CPU
		{559BE85A-58BA-4F28-A6B6-7111FB85330A}.Debug|Any CPU.Build.0 = Debug|Any CPU
		{559BE85A-58BA-4F28-A6B6-7111FB85330A}.Debug|x64.ActiveCfg = Debug|Any CPU
		{559BE85A-58BA-4F28-A6B6-7111FB85330A}.Debug|x64.Build.0 = Debug|Any CPU
		{559BE85A-58BA-4F28-A6B6-7111FB85330A}.Debug|x86.ActiveCfg = Debug|Any CPU
		{559BE85A-58BA-4F28-A6B6-7111FB85330A}.Debug|x86.Build.0 = Debug|Any CPU
		{559BE85A-58BA-4F28-A6B6-7111FB85330A}.Release|Any CPU.ActiveCfg = Release|Any CPU
		{559BE85A-58BA-4F28-A6B6-7111FB85330A}.Release|Any CPU.Build.0 = Release|Any CPU
		{559BE85A-58BA-4F28-A6B6-7111FB85330A}.Release|x64.ActiveCfg = Release|Any CPU
		{559BE85A-58BA-4F28-A6B6-7111FB85330A}.Release|x64.Build.0 = Release|Any CPU
		{559BE85A-58BA-4F28-A6B6-7111FB85330A}.Release|x86.ActiveCfg = Release|Any CPU
		{559BE85A-58BA-4F28-A6B6-7111FB85330A}.Release|x86.Build.0 = Release|Any CPU
		{36AC92DE-DC7D-40CD-A7D1-0C7BD94AEDCC}.Debug|Any CPU.ActiveCfg = Debug|Any CPU
		{36AC92DE-DC7D-40CD-A7D1-0C7BD94AEDCC}.Debug|Any CPU.Build.0 = Debug|Any CPU
		{36AC92DE-DC7D-40CD-A7D1-0C7BD94AEDCC}.Debug|x64.ActiveCfg = Debug|Any CPU
		{36AC92DE-DC7D-40CD-A7D1-0C7BD94AEDCC}.Debug|x64.Build.0 = Debug|Any CPU
		{36AC92DE-DC7D-40CD-A7D1-0C7BD94AEDCC}.Debug|x86.ActiveCfg = Debug|Any CPU
		{36AC92DE-DC7D-40CD-A7D1-0C7BD94AEDCC}.Debug|x86.Build.0 = Debug|Any CPU
		{36AC92DE-DC7D-40CD-A7D1-0C7BD94AEDCC}.Release|Any CPU.ActiveCfg = Release|Any CPU
		{36AC92DE-DC7D-40CD-A7D1-0C7BD94AEDCC}.Release|Any CPU.Build.0 = Release|Any CPU
		{36AC92DE-DC7D-40CD-A7D1-0C7BD94AEDCC}.Release|x64.ActiveCfg = Release|Any CPU
		{36AC92DE-DC7D-40CD-A7D1-0C7BD94AEDCC}.Release|x64.Build.0 = Release|Any CPU
		{36AC92DE-DC7D-40CD-A7D1-0C7BD94AEDCC}.Release|x86.ActiveCfg = Release|Any CPU
		{36AC92DE-DC7D-40CD-A7D1-0C7BD94AEDCC}.Release|x86.Build.0 = Release|Any CPU
		{2FE0EF03-444F-472C-898D-25A74989FE77}.Debug|Any CPU.ActiveCfg = Debug|Any CPU
		{2FE0EF03-444F-472C-898D-25A74989FE77}.Debug|Any CPU.Build.0 = Debug|Any CPU
		{2FE0EF03-444F-472C-898D-25A74989FE77}.Debug|x64.ActiveCfg = Debug|Any CPU
		{2FE0EF03-444F-472C-898D-25A74989FE77}.Debug|x64.Build.0 = Debug|Any CPU
		{2FE0EF03-444F-472C-898D-25A74989FE77}.Debug|x86.ActiveCfg = Debug|Any CPU
		{2FE0EF03-444F-472C-898D-25A74989FE77}.Debug|x86.Build.0 = Debug|Any CPU
		{2FE0EF03-444F-472C-898D-25A74989FE77}.Release|Any CPU.ActiveCfg = Release|Any CPU
		{2FE0EF03-444F-472C-898D-25A74989FE77}.Release|Any CPU.Build.0 = Release|Any CPU
		{2FE0EF03-444F-472C-898D-25A74989FE77}.Release|x64.ActiveCfg = Release|Any CPU
		{2FE0EF03-444F-472C-898D-25A74989FE77}.Release|x64.Build.0 = Release|Any CPU
		{2FE0EF03-444F-472C-898D-25A74989FE77}.Release|x86.ActiveCfg = Release|Any CPU
		{2FE0EF03-444F-472C-898D-25A74989FE77}.Release|x86.Build.0 = Release|Any CPU
	EndGlobalSection
	GlobalSection(SolutionProperties) = preSolution
		HideSolutionNode = FALSE
	EndGlobalSection
	GlobalSection(NestedProjects) = preSolution
		{A4AC9289-A983-4C9A-8FB1-D27172841A2A} = {B0B615F4-0930-4729-AA38-AAD389E13B4A}
		{559BE85A-58BA-4F28-A6B6-7111FB85330A} = {9BFF9EB9-921B-45A6-B99D-CA9711E86BE3}
		{36AC92DE-DC7D-40CD-A7D1-0C7BD94AEDCC} = {9BFF9EB9-921B-45A6-B99D-CA9711E86BE3}
		{2FE0EF03-444F-472C-898D-25A74989FE77} = {B0B615F4-0930-4729-AA38-AAD389E13B4A}
	EndGlobalSection
	GlobalSection(ExtensibilityGlobals) = postSolution
		SolutionGuid = {4504C21F-A4BC-44D5-9BE7-535B5F35DE73}
	EndGlobalSection
EndGlobal
